
Microsoft Visual Studio Solution File, Format Version 12.00
# Visual Studio Version 17
VisualStudioVersion = 17.14.36109.1 d17.14
MinimumVisualStudioVersion = 10.0.40219.1
Project("{FAE04EC0-301F-11D3-BF4B-00C04F79EFBC}") = "Domaci rad2409", "Domaci rad2409\Domaci rad2409.csproj", "{D74993BA-3708-424D-B226-70CE666B4564}"
EndProject
Global
	GlobalSection(SolutionConfigurationPlatforms) = preSolution
		Debug|Any CPU = Debug|Any CPU
		Release|Any CPU = Release|Any CPU
	EndGlobalSection
	GlobalSection(ProjectConfigurationPlatforms) = postSolution
		{D74993BA-3708-424D-B226-70CE666B4564}.Debug|Any CPU.ActiveCfg = Debug|Any CPU
		{D74993BA-3708-424D-B226-70CE666B4564}.Debug|Any CPU.Build.0 = Debug|Any CPU
		{D74993BA-3708-424D-B226-70CE666B4564}.Release|Any CPU.ActiveCfg = Release|Any CPU
		{D74993BA-3708-424D-B226-70CE666B4564}.Release|Any CPU.Build.0 = Release|Any CPU
	EndGlobalSection
	GlobalSection(SolutionProperties) = preSolution
		HideSolutionNode = FALSE
	EndGlobalSection
	GlobalSection(ExtensibilityGlobals) = postSolution
		SolutionGuid = {19215711-44E8-4E36-AC8B-2551903E8409}
	EndGlobalSection
EndGlobal
